// !$*UTF8*$!
{
	archiveVersion = 1;
	classes = {
	};
	objectVersion = 50;
	objects = {

/* Begin PBXBuildFile section */
		741951BB2613F6D5006EC45E /* ImageManager.swift in Sources */ = {isa = PBXBuildFile; fileRef = 741951BA2613F6D5006EC45E /* ImageManager.swift */; };
		741951C3261401C8006EC45E /* ImageData.swift in Sources */ = {isa = PBXBuildFile; fileRef = 741951C2261401C8006EC45E /* ImageData.swift */; };
		741951C62614020B006EC45E /* ImageModel.swift in Sources */ = {isa = PBXBuildFile; fileRef = 741951C52614020B006EC45E /* ImageModel.swift */; };
		749A69812613E8020089486C /* AppDelegate.swift in Sources */ = {isa = PBXBuildFile; fileRef = 749A69802613E8020089486C /* AppDelegate.swift */; };
		749A69832613E8020089486C /* SceneDelegate.swift in Sources */ = {isa = PBXBuildFile; fileRef = 749A69822613E8020089486C /* SceneDelegate.swift */; };
		749A69852613E8020089486C /* ViewController.swift in Sources */ = {isa = PBXBuildFile; fileRef = 749A69842613E8020089486C /* ViewController.swift */; };
		749A69882613E8020089486C /* Main.storyboard in Resources */ = {isa = PBXBuildFile; fileRef = 749A69862613E8020089486C /* Main.storyboard */; };
		749A698A2613E8030089486C /* Assets.xcassets in Resources */ = {isa = PBXBuildFile; fileRef = 749A69892613E8030089486C /* Assets.xcassets */; };
		749A698D2613E8030089486C /* LaunchScreen.storyboard in Resources */ = {isa = PBXBuildFile; fileRef = 749A698B2613E8030089486C /* LaunchScreen.storyboard */; };
/* End PBXBuildFile section */

/* Begin PBXFileReference section */
		741951BA2613F6D5006EC45E /* ImageManager.swift */ = {isa = PBXFileReference; lastKnownFileType = sourcecode.swift; path = ImageManager.swift; sourceTree = "<group>"; };
		741951C2261401C8006EC45E /* ImageData.swift */ = {isa = PBXFileReference; lastKnownFileType = sourcecode.swift; path = ImageData.swift; sourceTree = "<group>"; };
		741951C52614020B006EC45E /* ImageModel.swift */ = {isa = PBXFileReference; lastKnownFileType = sourcecode.swift; path = ImageModel.swift; sourceTree = "<group>"; };
		749A697D2613E8020089486C /* AdAstra.app */ = {isa = PBXFileReference; explicitFileType = wrapper.application; includeInIndex = 0; path = AdAstra.app; sourceTree = BUILT_PRODUCTS_DIR; };
		749A69802613E8020089486C /* AppDelegate.swift */ = {isa = PBXFileReference; lastKnownFileType = sourcecode.swift; path = AppDelegate.swift; sourceTree = "<group>"; };
		749A69822613E8020089486C /* SceneDelegate.swift */ = {isa = PBXFileReference; lastKnownFileType = sourcecode.swift; path = SceneDelegate.swift; sourceTree = "<group>"; };
		749A69842613E8020089486C /* ViewController.swift */ = {isa = PBXFileReference; lastKnownFileType = sourcecode.swift; path = ViewController.swift; sourceTree = "<group>"; };
		749A69872613E8020089486C /* Base */ = {isa = PBXFileReference; lastKnownFileType = file.storyboard; name = Base; path = Base.lproj/Main.storyboard; sourceTree = "<group>"; };
		749A69892613E8030089486C /* Assets.xcassets */ = {isa = PBXFileReference; lastKnownFileType = folder.assetcatalog; path = Assets.xcassets; sourceTree = "<group>"; };
		749A698C2613E8030089486C /* Base */ = {isa = PBXFileReference; lastKnownFileType = file.storyboard; name = Base; path = Base.lproj/LaunchScreen.storyboard; sourceTree = "<group>"; };
		749A698E2613E8030089486C /* Info.plist */ = {isa = PBXFileReference; lastKnownFileType = text.plist.xml; path = Info.plist; sourceTree = "<group>"; };
/* End PBXFileReference section */

/* Begin PBXFrameworksBuildPhase section */
		749A697A2613E8020089486C /* Frameworks */ = {
			isa = PBXFrameworksBuildPhase;
			buildActionMask = 2147483647;
			files = (
			);
			runOnlyForDeploymentPostprocessing = 0;
		};
/* End PBXFrameworksBuildPhase section */

/* Begin PBXGroup section */
		749A69742613E8020089486C = {
			isa = PBXGroup;
			children = (
				749A697F2613E8020089486C /* AdAstra */,
				749A697E2613E8020089486C /* Products */,
			);
			sourceTree = "<group>";
		};
		749A697E2613E8020089486C /* Products */ = {
			isa = PBXGroup;
			children = (
				749A697D2613E8020089486C /* AdAstra.app */,
			);
			name = Products;
			sourceTree = "<group>";
		};
		749A697F2613E8020089486C /* AdAstra */ = {
			isa = PBXGroup;
			children = (
				749A69802613E8020089486C /* AppDelegate.swift */,
				749A69822613E8020089486C /* SceneDelegate.swift */,
				749A69952613ED4F0089486C /* Models */,
				749A69962613ED540089486C /* Views */,
				749A69972613ED5A0089486C /* Controllers */,
				749A69892613E8030089486C /* Assets.xcassets */,
				749A698B2613E8030089486C /* LaunchScreen.storyboard */,
				749A698E2613E8030089486C /* Info.plist */,
			);
			path = AdAstra;
			sourceTree = "<group>";
		};
		749A69952613ED4F0089486C /* Models */ = {
			isa = PBXGroup;
			children = (
				741951BA2613F6D5006EC45E /* ImageManager.swift */,
				741951C2261401C8006EC45E /* ImageData.swift */,
				741951C52614020B006EC45E /* ImageModel.swift */,
			);
			path = Models;
			sourceTree = "<group>";
		};
		749A69962613ED540089486C /* Views */ = {
			isa = PBXGroup;
			children = (
				749A69862613E8020089486C /* Main.storyboard */,
			);
			path = Views;
			sourceTree = "<group>";
		};
		749A69972613ED5A0089486C /* Controllers */ = {
			isa = PBXGroup;
			children = (
				749A69842613E8020089486C /* ViewController.swift */,
			);
			path = Controllers;
			sourceTree = "<group>";
		};
/* End PBXGroup section */

/* Begin PBXNativeTarget section */
		749A697C2613E8020089486C /* AdAstra */ = {
			isa = PBXNativeTarget;
			buildConfigurationList = 749A69912613E8030089486C /* Build configuration list for PBXNativeTarget "AdAstra" */;
			buildPhases = (
				749A69792613E8020089486C /* Sources */,
				749A697A2613E8020089486C /* Frameworks */,
				749A697B2613E8020089486C /* Resources */,
			);
			buildRules = (
			);
			dependencies = (
			);
			name = AdAstra;
			productName = AdAstra;
			productReference = 749A697D2613E8020089486C /* AdAstra.app */;
			productType = "com.apple.product-type.application";
		};
/* End PBXNativeTarget section */

/* Begin PBXProject section */
		749A69752613E8020089486C /* Project object */ = {
			isa = PBXProject;
			attributes = {
				LastSwiftUpdateCheck = 1240;
				LastUpgradeCheck = 1240;
				TargetAttributes = {
					749A697C2613E8020089486C = {
						CreatedOnToolsVersion = 12.4;
					};
				};
			};
			buildConfigurationList = 749A69782613E8020089486C /* Build configuration list for PBXProject "AdAstra" */;
			compatibilityVersion = "Xcode 9.3";
			developmentRegion = en;
			hasScannedForEncodings = 0;
			knownRegions = (
				en,
				Base,
			);
			mainGroup = 749A69742613E8020089486C;
			productRefGroup = 749A697E2613E8020089486C /* Products */;
			projectDirPath = "";
			projectRoot = "";
			targets = (
				749A697C2613E8020089486C /* AdAstra */,
			);
		};
/* End PBXProject section */

/* Begin PBXResourcesBuildPhase section */
		749A697B2613E8020089486C /* Resources */ = {
			isa = PBXResourcesBuildPhase;
			buildActionMask = 2147483647;
			files = (
				749A698D2613E8030089486C /* LaunchScreen.storyboard in Resources */,
				749A698A2613E8030089486C /* Assets.xcassets in Resources */,
				749A69882613E8020089486C /* Main.storyboard in Resources */,
			);
			runOnlyForDeploymentPostprocessing = 0;
		};
/* End PBXResourcesBuildPhase section */

/* Begin PBXSourcesBuildPhase section */
		749A69792613E8020089486C /* Sources */ = {
			isa = PBXSourcesBuildPhase;
			buildActionMask = 2147483647;
			files = (
				741951C62614020B006EC45E /* ImageModel.swift in Sources */,
				749A69852613E8020089486C /* ViewController.swift in Sources */,
				741951C3261401C8006EC45E /* ImageData.swift in Sources */,
				749A69812613E8020089486C /* AppDelegate.swift in Sources */,
				749A69832613E8020089486C /* SceneDelegate.swift in Sources */,
				741951BB2613F6D5006EC45E /* ImageManager.swift in Sources */,
			);
			runOnlyForDeploymentPostprocessing = 0;
		};
/* End PBXSourcesBuildPhase section */

/* Begin PBXVariantGroup section */
		749A69862613E8020089486C /* Main.storyboard */ = {
			isa = PBXVariantGroup;
			children = (
				749A69872613E8020089486C /* Base */,
			);
			name = Main.storyboard;
			sourceTree = "<group>";
		};
		749A698B2613E8030089486C /* LaunchScreen.storyboard */ = {
			isa = PBXVariantGroup;
			children = (
				749A698C2613E8030089486C /* Base */,
			);
			name = LaunchScreen.storyboard;
			sourceTree = "<group>";
		};
/* End PBXVariantGroup section */

/* Begin XCBuildConfiguration section */
		749A698F2613E8030089486C /* Debug */ = {
			isa = XCBuildConfiguration;
			buildSettings = {
				ALWAYS_SEARCH_USER_PATHS = NO;
				CLANG_ANALYZER_NONNULL = YES;
				CLANG_ANALYZER_NUMBER_OBJECT_CONVERSION = YES_AGGRESSIVE;
				CLANG_CXX_LANGUAGE_STANDARD = "gnu++14";
				CLANG_CXX_LIBRARY = "libc++";
				CLANG_ENABLE_MODULES = YES;
				CLANG_ENABLE_OBJC_ARC = YES;
				CLANG_ENABLE_OBJC_WEAK = YES;
				CLANG_WARN_BLOCK_CAPTURE_AUTORELEASING = YES;
				CLANG_WARN_BOOL_CONVERSION = YES;
				CLANG_WARN_COMMA = YES;
				CLANG_WARN_CONSTANT_CONVERSION = YES;
				CLANG_WARN_DEPRECATED_OBJC_IMPLEMENTATIONS = YES;
				CLANG_WARN_DIRECT_OBJC_ISA_USAGE = YES_ERROR;
				CLANG_WARN_DOCUMENTATION_COMMENTS = YES;
				CLANG_WARN_EMPTY_BODY = YES;
				CLANG_WARN_ENUM_CONVERSION = YES;
				CLANG_WARN_INFINITE_RECURSION = YES;
				CLANG_WARN_INT_CONVERSION = YES;
				CLANG_WARN_NON_LITERAL_NULL_CONVERSION = YES;
				CLANG_WARN_OBJC_IMPLICIT_RETAIN_SELF = YES;
				CLANG_WARN_OBJC_LITERAL_CONVERSION = YES;
				CLANG_WARN_OBJC_ROOT_CLASS = YES_ERROR;
				CLANG_WARN_QUOTED_INCLUDE_IN_FRAMEWORK_HEADER = YES;
				CLANG_WARN_RANGE_LOOP_ANALYSIS = YES;
				CLANG_WARN_STRICT_PROTOTYPES = YES;
				CLANG_WARN_SUSPICIOUS_MOVE = YES;
				CLANG_WARN_UNGUARDED_AVAILABILITY = YES_AGGRESSIVE;
				CLANG_WARN_UNREACHABLE_CODE = YES;
				CLANG_WARN__DUPLICATE_METHOD_MATCH = YES;
				COPY_PHASE_STRIP = NO;
				DEBUG_INFORMATION_FORMAT = dwarf;
				ENABLE_STRICT_OBJC_MSGSEND = YES;
				ENABLE_TESTABILITY = YES;
				GCC_C_LANGUAGE_STANDARD = gnu11;
				GCC_DYNAMIC_NO_PIC = NO;
				GCC_NO_COMMON_BLOCKS = YES;
				GCC_OPTIMIZATION_LEVEL = 0;
				GCC_PREPROCESSOR_DEFINITIONS = (
					"DEBUG=1",
					"$(inherited)",
				);
				GCC_WARN_64_TO_32_BIT_CONVERSION = YES;
				GCC_WARN_ABOUT_RETURN_TYPE = YES_ERROR;
				GCC_WARN_UNDECLARED_SELECTOR = YES;
				GCC_WARN_UNINITIALIZED_AUTOS = YES_AGGRESSIVE;
				GCC_WARN_UNUSED_FUNCTION = YES;
				GCC_WARN_UNUSED_VARIABLE = YES;
				IPHONEOS_DEPLOYMENT_TARGET = 14.4;
				MTL_ENABLE_DEBUG_INFO = INCLUDE_SOURCE;
				MTL_FAST_MATH = YES;
				ONLY_ACTIVE_ARCH = YES;
				SDKROOT = iphoneos;
				SWIFT_ACTIVE_COMPILATION_CONDITIONS = DEBUG;
				SWIFT_OPTIMIZATION_LEVEL = "-Onone";
			};
			name = Debug;
		};
		749A69902613E8030089486C /* Release */ = {
			isa = XCBuildConfiguration;
			buildSettings = {
				ALWAYS_SEARCH_USER_PATHS = NO;
				CLANG_ANALYZER_NONNULL = YES;
				CLANG_ANALYZER_NUMBER_OBJECT_CONVERSION = YES_AGGRESSIVE;
				CLANG_CXX_LANGUAGE_STANDARD = "gnu++14";
				CLANG_CXX_LIBRARY = "libc++";
				CLANG_ENABLE_MODULES = YES;
				CLANG_ENABLE_OBJC_ARC = YES;
				CLANG_ENABLE_OBJC_WEAK = YES;
				CLANG_WARN_BLOCK_CAPTURE_AUTORELEASING = YES;
				CLANG_WARN_BOOL_CONVERSION = YES;
				CLANG_WARN_COMMA = YES;
				CLANG_WARN_CONSTANT_CONVERSION = YES;
				CLANG_WARN_DEPRECATED_OBJC_IMPLEMENTATIONS = YES;
				CLANG_WARN_DIRECT_OBJC_ISA_USAGE = YES_ERROR;
				CLANG_WARN_DOCUMENTATION_COMMENTS = YES;
				CLANG_WARN_EMPTY_BODY = YES;
				CLANG_WARN_ENUM_CONVERSION = YES;
				CLANG_WARN_INFINITE_RECURSION = YES;
				CLANG_WARN_INT_CONVERSION = YES;
				CLANG_WARN_NON_LITERAL_NULL_CONVERSION = YES;
				CLANG_WARN_OBJC_IMPLICIT_RETAIN_SELF = YES;
				CLANG_WARN_OBJC_LITERAL_CONVERSION = YES;
				CLANG_WARN_OBJC_ROOT_CLASS = YES_ERROR;
				CLANG_WARN_QUOTED_INCLUDE_IN_FRAMEWORK_HEADER = YES;
				CLANG_WARN_RANGE_LOOP_ANALYSIS = YES;
				CLANG_WARN_STRICT_PROTOTYPES = YES;
				CLANG_WARN_SUSPICIOUS_MOVE = YES;
				CLANG_WARN_UNGUARDED_AVAILABILITY = YES_AGGRESSIVE;
				CLANG_WARN_UNREACHABLE_CODE = YES;
				CLANG_WARN__DUPLICATE_METHOD_MATCH = YES;
				COPY_PHASE_STRIP = NO;
				DEBUG_INFORMATION_FORMAT = "dwarf-with-dsym";
				ENABLE_NS_ASSERTIONS = NO;
				ENABLE_STRICT_OBJC_MSGSEND = YES;
				GCC_C_LANGUAGE_STANDARD = gnu11;
				GCC_NO_COMMON_BLOCKS = YES;
				GCC_WARN_64_TO_32_BIT_CONVERSION = YES;
				GCC_WARN_ABOUT_RETURN_TYPE = YES_ERROR;
				GCC_WARN_UNDECLARED_SELECTOR = YES;
				GCC_WARN_UNINITIALIZED_AUTOS = YES_AGGRESSIVE;
				GCC_WARN_UNUSED_FUNCTION = YES;
				GCC_WARN_UNUSED_VARIABLE = YES;
				IPHONEOS_DEPLOYMENT_TARGET = 14.4;
				MTL_ENABLE_DEBUG_INFO = NO;
				MTL_FAST_MATH = YES;
				SDKROOT = iphoneos;
				SWIFT_COMPILATION_MODE = wholemodule;
				SWIFT_OPTIMIZATION_LEVEL = "-O";
				VALIDATE_PRODUCT = YES;
			};
			name = Release;
		};
		749A69922613E8030089486C /* Debug */ = {
			isa = XCBuildConfiguration;
			buildSettings = {
				ASSETCATALOG_COMPILER_APPICON_NAME = AppIcon;
				ASSETCATALOG_COMPILER_GLOBAL_ACCENT_COLOR_NAME = AccentColor;
				CODE_SIGN_STYLE = Automatic;
				DEVELOPMENT_TEAM = FGCRV72242;
				INFOPLIST_FILE = AdAstra/Info.plist;
				LD_RUNPATH_SEARCH_PATHS = (
					"$(inherited)",
					"@executable_path/Frameworks",
				);
				PRODUCT_BUNDLE_IDENTIFIER = com.ozuna.AdAstra;
				PRODUCT_NAME = "$(TARGET_NAME)";
				SWIFT_VERSION = 5.0;
				TARGETED_DEVICE_FAMILY = "1,2";
			};
			name = Debug;
		};
		749A69932613E8030089486C /* Release */ = {
			isa = XCBuildConfiguration;
			buildSettings = {
				ASSETCATALOG_COMPILER_APPICON_NAME = AppIcon;
				ASSETCATALOG_COMPILER_GLOBAL_ACCENT_COLOR_NAME = AccentColor;
				CODE_SIGN_STYLE = Automatic;
				DEVELOPMENT_TEAM = FGCRV72242;
				INFOPLIST_FILE = AdAstra/Info.plist;
				LD_RUNPATH_SEARCH_PATHS = (
					"$(inherited)",
					"@executable_path/Frameworks",
				);
				PRODUCT_BUNDLE_IDENTIFIER = com.ozuna.AdAstra;
				PRODUCT_NAME = "$(TARGET_NAME)";
				SWIFT_VERSION = 5.0;
				TARGETED_DEVICE_FAMILY = "1,2";
			};
			name = Release;
		};
/* End XCBuildConfiguration section */

/* Begin XCConfigurationList section */
		749A69782613E8020089486C /* Build configuration list for PBXProject "AdAstra" */ = {
			isa = XCConfigurationList;
			buildConfigurations = (
				749A698F2613E8030089486C /* Debug */,
				749A69902613E8030089486C /* Release */,
			);
			defaultConfigurationIsVisible = 0;
			defaultConfigurationName = Release;
		};
		749A69912613E8030089486C /* Build configuration list for PBXNativeTarget "AdAstra" */ = {
			isa = XCConfigurationList;
			buildConfigurations = (
				749A69922613E8030089486C /* Debug */,
				749A69932613E8030089486C /* Release */,
			);
			defaultConfigurationIsVisible = 0;
			defaultConfigurationName = Release;
		};
/* End XCConfigurationList section */
	};
	rootObject = 749A69752613E8020089486C /* Project object */;
}
